
Microsoft Visual Studio Solution File, Format Version 12.00
# Visual Studio 15
VisualStudioVersion = 15.0.28307.136
MinimumVisualStudioVersion = 10.0.40219.1
Project("{FAE04EC0-301F-11D3-BF4B-00C04F79EFBC}") = "Reviso.API", "Reviso.API\Reviso.API.csproj", "{A9FD7B0B-DE7A-4F48-B81C-419A0FFA8392}"
EndProject
Project("{FAE04EC0-301F-11D3-BF4B-00C04F79EFBC}") = "Reviso.Domain", "Reviso.Domain\Reviso.Domain.csproj", "{465529A8-99F7-4B7A-B1C3-3DFDB96B3E2A}"
EndProject
Project("{FAE04EC0-301F-11D3-BF4B-00C04F79EFBC}") = "Reviso.Tests", "Reviso.Tests\Reviso.Tests.csproj", "{FDF03AF9-FD37-405D-8E4C-AE7862E27FD7}"
EndProject
Project("{FAE04EC0-301F-11D3-BF4B-00C04F79EFBC}") = "Reviso.Application", "Reviso.Application\Reviso.Application.csproj", "{BFFA4200-3AE3-477F-9372-37426F6914A0}"
EndProject
Project("{FAE04EC0-301F-11D3-BF4B-00C04F79EFBC}") = "Reviso.Data", "Reviso.Data\Reviso.Data.csproj", "{89F401D5-F8D5-47F1-B48D-D27857DA42F6}"
EndProject
Global
	GlobalSection(SolutionConfigurationPlatforms) = preSolution
		Debug|Any CPU = Debug|Any CPU
		Release|Any CPU = Release|Any CPU
	EndGlobalSection
	GlobalSection(ProjectConfigurationPlatforms) = postSolution
		{A9FD7B0B-DE7A-4F48-B81C-419A0FFA8392}.Debug|Any CPU.ActiveCfg = Debug|Any CPU
		{A9FD7B0B-DE7A-4F48-B81C-419A0FFA8392}.Debug|Any CPU.Build.0 = Debug|Any CPU
		{A9FD7B0B-DE7A-4F48-B81C-419A0FFA8392}.Release|Any CPU.ActiveCfg = Release|Any CPU
		{A9FD7B0B-DE7A-4F48-B81C-419A0FFA8392}.Release|Any CPU.Build.0 = Release|Any CPU
		{465529A8-99F7-4B7A-B1C3-3DFDB96B3E2A}.Debug|Any CPU.ActiveCfg = Debug|Any CPU
		{465529A8-99F7-4B7A-B1C3-3DFDB96B3E2A}.Debug|Any CPU.Build.0 = Debug|Any CPU
		{465529A8-99F7-4B7A-B1C3-3DFDB96B3E2A}.Release|Any CPU.ActiveCfg = Release|Any CPU
		{465529A8-99F7-4B7A-B1C3-3DFDB96B3E2A}.Release|Any CPU.Build.0 = Release|Any CPU
		{FDF03AF9-FD37-405D-8E4C-AE7862E27FD7}.Debug|Any CPU.ActiveCfg = Debug|Any CPU
		{FDF03AF9-FD37-405D-8E4C-AE7862E27FD7}.Debug|Any CPU.Build.0 = Debug|Any CPU
		{FDF03AF9-FD37-405D-8E4C-AE7862E27FD7}.Release|Any CPU.ActiveCfg = Release|Any CPU
		{FDF03AF9-FD37-405D-8E4C-AE7862E27FD7}.Release|Any CPU.Build.0 = Release|Any CPU
		{BFFA4200-3AE3-477F-9372-37426F6914A0}.Debug|Any CPU.ActiveCfg = Debug|Any CPU
		{BFFA4200-3AE3-477F-9372-37426F6914A0}.Debug|Any CPU.Build.0 = Debug|Any CPU
		{BFFA4200-3AE3-477F-9372-37426F6914A0}.Release|Any CPU.ActiveCfg = Release|Any CPU
		{BFFA4200-3AE3-477F-9372-37426F6914A0}.Release|Any CPU.Build.0 = Release|Any CPU
		{89F401D5-F8D5-47F1-B48D-D27857DA42F6}.Debug|Any CPU.ActiveCfg = Debug|Any CPU
		{89F401D5-F8D5-47F1-B48D-D27857DA42F6}.Debug|Any CPU.Build.0 = Debug|Any CPU
		{89F401D5-F8D5-47F1-B48D-D27857DA42F6}.Release|Any CPU.ActiveCfg = Release|Any CPU
		{89F401D5-F8D5-47F1-B48D-D27857DA42F6}.Release|Any CPU.Build.0 = Release|Any CPU
	EndGlobalSection
	GlobalSection(SolutionProperties) = preSolution
		HideSolutionNode = FALSE
	EndGlobalSection
	GlobalSection(ExtensibilityGlobals) = postSolution
		SolutionGuid = {65167531-E287-491B-B668-2FEF9F209B2C}
	EndGlobalSection
EndGlobal
